
Microsoft Visual Studio Solution File, Format Version 12.00
# Visual Studio 15
VisualStudioVersion = 15.0.27703.2026
MinimumVisualStudioVersion = 10.0.40219.1
Project("{2150E333-8FDC-42A3-9474-1A3956D46DE8}") = "src", "src", "{6BE88F14-E800-4ABC-AFBB-C2D4A9B72907}"
EndProject
Project("{2150E333-8FDC-42A3-9474-1A3956D46DE8}") = "01 - Service", "01 - Service", "{3C7B3D3D-B46D-4ECC-9547-A38B17A25C56}"
EndProject
Project("{2150E333-8FDC-42A3-9474-1A3956D46DE8}") = "02 - Application", "02 - Application", "{92B1DD9D-B337-4CF3-ADDC-7AAAB5675C04}"
EndProject
Project("{2150E333-8FDC-42A3-9474-1A3956D46DE8}") = "03 - Domain", "03 - Domain", "{80790FC2-C2A5-42D1-A7E4-3DA865D6AA4F}"
EndProject
Project("{2150E333-8FDC-42A3-9474-1A3956D46DE8}") = "04 - Infra", "04 - Infra", "{92D6EEF6-6751-4E35-A902-21E0C1AE8F64}"
EndProject
Project("{2150E333-8FDC-42A3-9474-1A3956D46DE8}") = "05 - Data", "05 - Data", "{B88C7F20-4512-4F04-BF55-7544A7084902}"
EndProject
Project("{2150E333-8FDC-42A3-9474-1A3956D46DE8}") = "06 - CrossCutting", "06 - CrossCutting", "{FFBA34BC-76E9-47F5-8703-526E0EE46DB6}"
EndProject
Project("{9A19103F-16F7-4668-BE54-9A1E7A4F7556}") = "Parkinglot.Domain", "Parkinglot.Domain\Parkinglot.Domain.csproj", "{4AF6B59D-DFB4-4C4C-8973-F05C25F3D062}"
EndProject
Project("{9A19103F-16F7-4668-BE54-9A1E7A4F7556}") = "Parkinglot.Infra", "Parkinglot.Infra\Parkinglot.Infra.csproj", "{AB5BD09C-1721-4B01-87B1-12526606DF2A}"
EndProject
Project("{9A19103F-16F7-4668-BE54-9A1E7A4F7556}") = "Parkinglot.Data", "Parkinglot.Data\Parkinglot.Data.csproj", "{5319325A-0818-4D1C-9C01-A1715FABDC8A}"
EndProject
Project("{9A19103F-16F7-4668-BE54-9A1E7A4F7556}") = "Parkinglot.Crosscutting", "Parkinglot.Crosscutting\Parkinglot.Crosscutting.csproj", "{2EE73AD2-D55D-48C4-952D-597B5DFD1A26}"
EndProject
Project("{9A19103F-16F7-4668-BE54-9A1E7A4F7556}") = "Parkinglot.Application", "Parkinglot.Application\Parkinglot.Application.csproj", "{733B9F78-1CA8-4F40-A6CF-5B70FCA3A524}"
EndProject
Project("{9A19103F-16F7-4668-BE54-9A1E7A4F7556}") = "Parkinglot.Api", "Parkinglot.Api\Parkinglot.Api.csproj", "{6D27B603-E4B9-4B6D-BC2B-4BB59D849692}"
EndProject
Project("{FAE04EC0-301F-11D3-BF4B-00C04F79EFBC}") = "Parkinglot.Application.Model", "Parkinglot.Application.Model\Parkinglot.Application.Model.csproj", "{C6C655E3-8EB7-44C5-9208-C37B88896A68}"
EndProject
Global
	GlobalSection(SolutionConfigurationPlatforms) = preSolution
		Debug|Any CPU = Debug|Any CPU
		Release|Any CPU = Release|Any CPU
	EndGlobalSection
	GlobalSection(ProjectConfigurationPlatforms) = postSolution
		{4AF6B59D-DFB4-4C4C-8973-F05C25F3D062}.Debug|Any CPU.ActiveCfg = Debug|Any CPU
		{4AF6B59D-DFB4-4C4C-8973-F05C25F3D062}.Debug|Any CPU.Build.0 = Debug|Any CPU
		{4AF6B59D-DFB4-4C4C-8973-F05C25F3D062}.Release|Any CPU.ActiveCfg = Release|Any CPU
		{4AF6B59D-DFB4-4C4C-8973-F05C25F3D062}.Release|Any CPU.Build.0 = Release|Any CPU
		{AB5BD09C-1721-4B01-87B1-12526606DF2A}.Debug|Any CPU.ActiveCfg = Debug|Any CPU
		{AB5BD09C-1721-4B01-87B1-12526606DF2A}.Debug|Any CPU.Build.0 = Debug|Any CPU
		{AB5BD09C-1721-4B01-87B1-12526606DF2A}.Release|Any CPU.ActiveCfg = Release|Any CPU
		{AB5BD09C-1721-4B01-87B1-12526606DF2A}.Release|Any CPU.Build.0 = Release|Any CPU
		{5319325A-0818-4D1C-9C01-A1715FABDC8A}.Debug|Any CPU.ActiveCfg = Debug|Any CPU
		{5319325A-0818-4D1C-9C01-A1715FABDC8A}.Debug|Any CPU.Build.0 = Debug|Any CPU
		{5319325A-0818-4D1C-9C01-A1715FABDC8A}.Release|Any CPU.ActiveCfg = Release|Any CPU
		{5319325A-0818-4D1C-9C01-A1715FABDC8A}.Release|Any CPU.Build.0 = Release|Any CPU
		{2EE73AD2-D55D-48C4-952D-597B5DFD1A26}.Debug|Any CPU.ActiveCfg = Debug|Any CPU
		{2EE73AD2-D55D-48C4-952D-597B5DFD1A26}.Debug|Any CPU.Build.0 = Debug|Any CPU
		{2EE73AD2-D55D-48C4-952D-597B5DFD1A26}.Release|Any CPU.ActiveCfg = Release|Any CPU
		{2EE73AD2-D55D-48C4-952D-597B5DFD1A26}.Release|Any CPU.Build.0 = Release|Any CPU
		{733B9F78-1CA8-4F40-A6CF-5B70FCA3A524}.Debug|Any CPU.ActiveCfg = Debug|Any CPU
		{733B9F78-1CA8-4F40-A6CF-5B70FCA3A524}.Debug|Any CPU.Build.0 = Debug|Any CPU
		{733B9F78-1CA8-4F40-A6CF-5B70FCA3A524}.Release|Any CPU.ActiveCfg = Release|Any CPU
		{733B9F78-1CA8-4F40-A6CF-5B70FCA3A524}.Release|Any CPU.Build.0 = Release|Any CPU
		{6D27B603-E4B9-4B6D-BC2B-4BB59D849692}.Debug|Any CPU.ActiveCfg = Debug|Any CPU
		{6D27B603-E4B9-4B6D-BC2B-4BB59D849692}.Debug|Any CPU.Build.0 = Debug|Any CPU
		{6D27B603-E4B9-4B6D-BC2B-4BB59D849692}.Release|Any CPU.ActiveCfg = Release|Any CPU
		{6D27B603-E4B9-4B6D-BC2B-4BB59D849692}.Release|Any CPU.Build.0 = Release|Any CPU
		{C6C655E3-8EB7-44C5-9208-C37B88896A68}.Debug|Any CPU.ActiveCfg = Debug|Any CPU
		{C6C655E3-8EB7-44C5-9208-C37B88896A68}.Debug|Any CPU.Build.0 = Debug|Any CPU
		{C6C655E3-8EB7-44C5-9208-C37B88896A68}.Release|Any CPU.ActiveCfg = Release|Any CPU
		{C6C655E3-8EB7-44C5-9208-C37B88896A68}.Release|Any CPU.Build.0 = Release|Any CPU
	EndGlobalSection
	GlobalSection(SolutionProperties) = preSolution
		HideSolutionNode = FALSE
	EndGlobalSection
	GlobalSection(NestedProjects) = preSolution
		{3C7B3D3D-B46D-4ECC-9547-A38B17A25C56} = {6BE88F14-E800-4ABC-AFBB-C2D4A9B72907}
		{92B1DD9D-B337-4CF3-ADDC-7AAAB5675C04} = {6BE88F14-E800-4ABC-AFBB-C2D4A9B72907}
		{80790FC2-C2A5-42D1-A7E4-3DA865D6AA4F} = {6BE88F14-E800-4ABC-AFBB-C2D4A9B72907}
		{92D6EEF6-6751-4E35-A902-21E0C1AE8F64} = {6BE88F14-E800-4ABC-AFBB-C2D4A9B72907}
		{B88C7F20-4512-4F04-BF55-7544A7084902} = {6BE88F14-E800-4ABC-AFBB-C2D4A9B72907}
		{FFBA34BC-76E9-47F5-8703-526E0EE46DB6} = {6BE88F14-E800-4ABC-AFBB-C2D4A9B72907}
		{4AF6B59D-DFB4-4C4C-8973-F05C25F3D062} = {80790FC2-C2A5-42D1-A7E4-3DA865D6AA4F}
		{AB5BD09C-1721-4B01-87B1-12526606DF2A} = {92D6EEF6-6751-4E35-A902-21E0C1AE8F64}
		{5319325A-0818-4D1C-9C01-A1715FABDC8A} = {B88C7F20-4512-4F04-BF55-7544A7084902}
		{2EE73AD2-D55D-48C4-952D-597B5DFD1A26} = {FFBA34BC-76E9-47F5-8703-526E0EE46DB6}
		{733B9F78-1CA8-4F40-A6CF-5B70FCA3A524} = {92B1DD9D-B337-4CF3-ADDC-7AAAB5675C04}
		{6D27B603-E4B9-4B6D-BC2B-4BB59D849692} = {3C7B3D3D-B46D-4ECC-9547-A38B17A25C56}
		{C6C655E3-8EB7-44C5-9208-C37B88896A68} = {92B1DD9D-B337-4CF3-ADDC-7AAAB5675C04}
	EndGlobalSection
	GlobalSection(ExtensibilityGlobals) = postSolution
		SolutionGuid = {6927FCD7-6B5C-4229-8EB6-97BDEED13098}
	EndGlobalSection
EndGlobal
